
Microsoft Visual Studio Solution File, Format Version 12.00
# Visual Studio 14
VisualStudioVersion = 14.0.25123.0
MinimumVisualStudioVersion = 10.0.40219.1
Project("{FAE04EC0-301F-11D3-BF4B-00C04F79EFBC}") = "ng2old", "ng2old\ng2old.csproj", "{9B3551FD-B63F-43B2-84DE-6C3653E29D15}"
EndProject
Project("{2150E333-8FDC-42A3-9474-1A3956D46DE8}") = "Solution Items", "Solution Items", "{93F9D6BD-6DA8-417D-A289-6A20669607A9}"
	ProjectSection(SolutionItems) = preProject
		.gitignore = .gitignore
		README.md = README.md
	EndProjectSection
EndProject
Global
	GlobalSection(SolutionConfigurationPlatforms) = preSolution
		Debug|Any CPU = Debug|Any CPU
		Release|Any CPU = Release|Any CPU
	EndGlobalSection
	GlobalSection(ProjectConfigurationPlatforms) = postSolution
		{9B3551FD-B63F-43B2-84DE-6C3653E29D15}.Debug|Any CPU.ActiveCfg = Debug|Any CPU
		{9B3551FD-B63F-43B2-84DE-6C3653E29D15}.Debug|Any CPU.Build.0 = Debug|Any CPU
		{9B3551FD-B63F-43B2-84DE-6C3653E29D15}.Release|Any CPU.ActiveCfg = Release|Any CPU
		{9B3551FD-B63F-43B2-84DE-6C3653E29D15}.Release|Any CPU.Build.0 = Release|Any CPU
	EndGlobalSection
	GlobalSection(SolutionProperties) = preSolution
		HideSolutionNode = FALSE
	EndGlobalSection
EndGlobal
